
Microsoft Visual Studio Solution File, Format Version 12.00
# Visual Studio Version 17
VisualStudioVersion = 17.11.35303.130
MinimumVisualStudioVersion = 10.0.40219.1
Project("{9A19103F-16F7-4668-BE54-9A1E7A4F7556}") = "OrdersMicroservice", "OrdersMicroservice.csproj", "{BDC1000B-D1C5-4257-81A8-46AC8CE30984}"
EndProject
Project("{FAE04EC0-301F-11D3-BF4B-00C04F79EFBC}") = "OrdersMicroserviceTests", "..\OrdersMicroserviceTests\OrdersMicroserviceTests.csproj", "{7C543DCF-35DF-4111-958A-D989137BB847}"
EndProject
Global
	GlobalSection(SolutionConfigurationPlatforms) = preSolution
		Debug|Any CPU = Debug|Any CPU
		Release|Any CPU = Release|Any CPU
	EndGlobalSection
	GlobalSection(ProjectConfigurationPlatforms) = postSolution
		{BDC1000B-D1C5-4257-81A8-46AC8CE30984}.Debug|Any CPU.ActiveCfg = Debug|Any CPU
		{BDC1000B-D1C5-4257-81A8-46AC8CE30984}.Debug|Any CPU.Build.0 = Debug|Any CPU
		{BDC1000B-D1C5-4257-81A8-46AC8CE30984}.Release|Any CPU.ActiveCfg = Release|Any CPU
		{BDC1000B-D1C5-4257-81A8-46AC8CE30984}.Release|Any CPU.Build.0 = Release|Any CPU
		{7C543DCF-35DF-4111-958A-D989137BB847}.Debug|Any CPU.ActiveCfg = Debug|Any CPU
		{7C543DCF-35DF-4111-958A-D989137BB847}.Debug|Any CPU.Build.0 = Debug|Any CPU
		{7C543DCF-35DF-4111-958A-D989137BB847}.Release|Any CPU.ActiveCfg = Release|Any CPU
		{7C543DCF-35DF-4111-958A-D989137BB847}.Release|Any CPU.Build.0 = Release|Any CPU
	EndGlobalSection
	GlobalSection(SolutionProperties) = preSolution
		HideSolutionNode = FALSE
	EndGlobalSection
	GlobalSection(ExtensibilityGlobals) = postSolution
		SolutionGuid = {FFBAFC7F-4032-4E20-950A-B8C646679534}
	EndGlobalSection
EndGlobal
